// !$*UTF8*$!
{
	archiveVersion = 1;
	classes = {
	};
	objectVersion = 48;
	objects = {

/* Begin PBXBuildFile section */
		F15E791A20A5C34500B42672 /* AppDelegate.swift in Sources */ = {isa = PBXBuildFile; fileRef = F15E791920A5C34500B42672 /* AppDelegate.swift */; };
		F15E791C20A5C34500B42672 /* ViewController.swift in Sources */ = {isa = PBXBuildFile; fileRef = F15E791B20A5C34500B42672 /* ViewController.swift */; };
		F15E791F20A5C34500B42672 /* Main.storyboard in Resources */ = {isa = PBXBuildFile; fileRef = F15E791D20A5C34500B42672 /* Main.storyboard */; };
		F15E792220A5C34500B42672 /* CoreDataAllOperationwithPROTOCOL_DELEGATEPassingdata.xcdatamodeld in Sources */ = {isa = PBXBuildFile; fileRef = F15E792020A5C34500B42672 /* CoreDataAllOperationwithPROTOCOL_DELEGATEPassingdata.xcdatamodeld */; };
		F15E792420A5C34500B42672 /* Assets.xcassets in Resources */ = {isa = PBXBuildFile; fileRef = F15E792320A5C34500B42672 /* Assets.xcassets */; };
		F15E792720A5C34500B42672 /* LaunchScreen.storyboard in Resources */ = {isa = PBXBuildFile; fileRef = F15E792520A5C34500B42672 /* LaunchScreen.storyboard */; };
		F15E793220A5C34500B42672 /* CoreDataAllOperationwithPROTOCOL_DELEGATEPassingdataTests.swift in Sources */ = {isa = PBXBuildFile; fileRef = F15E793120A5C34500B42672 /* CoreDataAllOperationwithPROTOCOL_DELEGATEPassingdataTests.swift */; };
		F15E793D20A5C34500B42672 /* CoreDataAllOperationwithPROTOCOL_DELEGATEPassingdataUITests.swift in Sources */ = {isa = PBXBuildFile; fileRef = F15E793C20A5C34500B42672 /* CoreDataAllOperationwithPROTOCOL_DELEGATEPassingdataUITests.swift */; };
		F15E794C20A5C4B200B42672 /* Student+CoreDataClass.swift in Sources */ = {isa = PBXBuildFile; fileRef = F15E794A20A5C4B200B42672 /* Student+CoreDataClass.swift */; };
		F15E794D20A5C4B200B42672 /* Student+CoreDataProperties.swift in Sources */ = {isa = PBXBuildFile; fileRef = F15E794B20A5C4B200B42672 /* Student+CoreDataProperties.swift */; };
		F15E795020A5C51700B42672 /* CoreData.framework in Frameworks */ = {isa = PBXBuildFile; fileRef = F15E794F20A5C51600B42672 /* CoreData.framework */; };
		F15E795220A5C6EB00B42672 /* DateBaseHelper.swift in Sources */ = {isa = PBXBuildFile; fileRef = F15E795120A5C6EB00B42672 /* DateBaseHelper.swift */; };
		F15E795420A5D78F00B42672 /* secondVCr.swift in Sources */ = {isa = PBXBuildFile; fileRef = F15E795320A5D78F00B42672 /* secondVCr.swift */; };
		F15E795620A5D88B00B42672 /* mytablecell.swift in Sources */ = {isa = PBXBuildFile; fileRef = F15E795520A5D88B00B42672 /* mytablecell.swift */; };
/* End PBXBuildFile section */

/* Begin PBXContainerItemProxy section */
		F15E792E20A5C34500B42672 /* PBXContainerItemProxy */ = {
			isa = PBXContainerItemProxy;
			containerPortal = F15E790E20A5C34500B42672 /* Project object */;
			proxyType = 1;
			remoteGlobalIDString = F15E791520A5C34500B42672;
			remoteInfo = "CoreDataAllOperationwithPROTOCOL&DELEGATEPassingdata";
		};
		F15E793920A5C34500B42672 /* PBXContainerItemProxy */ = {
			isa = PBXContainerItemProxy;
			containerPortal = F15E790E20A5C34500B42672 /* Project object */;
			proxyType = 1;
			remoteGlobalIDString = F15E791520A5C34500B42672;
			remoteInfo = "CoreDataAllOperationwithPROTOCOL&DELEGATEPassingdata";
		};
/* End PBXContainerItemProxy section */

/* Begin PBXFileReference section */
		F15E791620A5C34500B42672 /* CoreDataAllOperationwithPROTOCOL&DELEGATEPassingdata.app */ = {isa = PBXFileReference; explicitFileType = wrapper.application; includeInIndex = 0; path = "CoreDataAllOperationwithPROTOCOL&DELEGATEPassingdata.app"; sourceTree = BUILT_PRODUCTS_DIR; };
		F15E791920A5C34500B42672 /* AppDelegate.swift */ = {isa = PBXFileReference; lastKnownFileType = sourcecode.swift; path = AppDelegate.swift; sourceTree = "<group>"; };
		F15E791B20A5C34500B42672 /* ViewController.swift */ = {isa = PBXFileReference; lastKnownFileType = sourcecode.swift; path = ViewController.swift; sourceTree = "<group>"; };
		F15E791E20A5C34500B42672 /* Base */ = {isa = PBXFileReference; lastKnownFileType = file.storyboard; name = Base; path = Base.lproj/Main.storyboard; sourceTree = "<group>"; };
		F15E792120A5C34500B42672 /* CoreDataAllOperationwithPROTOCOL_DELEGATEPassingdata.xcdatamodel */ = {isa = PBXFileReference; lastKnownFileType = wrapper.xcdatamodel; path = CoreDataAllOperationwithPROTOCOL_DELEGATEPassingdata.xcdatamodel; sourceTree = "<group>"; };
		F15E792320A5C34500B42672 /* Assets.xcassets */ = {isa = PBXFileReference; lastKnownFileType = folder.assetcatalog; path = Assets.xcassets; sourceTree = "<group>"; };
		F15E792620A5C34500B42672 /* Base */ = {isa = PBXFileReference; lastKnownFileType = file.storyboard; name = Base; path = Base.lproj/LaunchScreen.storyboard; sourceTree = "<group>"; };
		F15E792820A5C34500B42672 /* Info.plist */ = {isa = PBXFileReference; lastKnownFileType = text.plist.xml; path = Info.plist; sourceTree = "<group>"; };
		F15E792D20A5C34500B42672 /* CoreDataAllOperationwithPROTOCOL&DELEGATEPassingdataTests.xctest */ = {isa = PBXFileReference; explicitFileType = wrapper.cfbundle; includeInIndex = 0; path = "CoreDataAllOperationwithPROTOCOL&DELEGATEPassingdataTests.xctest"; sourceTree = BUILT_PRODUCTS_DIR; };
		F15E793120A5C34500B42672 /* CoreDataAllOperationwithPROTOCOL_DELEGATEPassingdataTests.swift */ = {isa = PBXFileReference; lastKnownFileType = sourcecode.swift; path = CoreDataAllOperationwithPROTOCOL_DELEGATEPassingdataTests.swift; sourceTree = "<group>"; };
		F15E793320A5C34500B42672 /* Info.plist */ = {isa = PBXFileReference; lastKnownFileType = text.plist.xml; path = Info.plist; sourceTree = "<group>"; };
		F15E793820A5C34500B42672 /* CoreDataAllOperationwithPROTOCOL&DELEGATEPassingdataUITests.xctest */ = {isa = PBXFileReference; explicitFileType = wrapper.cfbundle; includeInIndex = 0; path = "CoreDataAllOperationwithPROTOCOL&DELEGATEPassingdataUITests.xctest"; sourceTree = BUILT_PRODUCTS_DIR; };
		F15E793C20A5C34500B42672 /* CoreDataAllOperationwithPROTOCOL_DELEGATEPassingdataUITests.swift */ = {isa = PBXFileReference; lastKnownFileType = sourcecode.swift; path = CoreDataAllOperationwithPROTOCOL_DELEGATEPassingdataUITests.swift; sourceTree = "<group>"; };
		F15E793E20A5C34500B42672 /* Info.plist */ = {isa = PBXFileReference; lastKnownFileType = text.plist.xml; path = Info.plist; sourceTree = "<group>"; };
		F15E794A20A5C4B200B42672 /* Student+CoreDataClass.swift */ = {isa = PBXFileReference; lastKnownFileType = sourcecode.swift; path = "Student+CoreDataClass.swift"; sourceTree = "<group>"; };
		F15E794B20A5C4B200B42672 /* Student+CoreDataProperties.swift */ = {isa = PBXFileReference; lastKnownFileType = sourcecode.swift; path = "Student+CoreDataProperties.swift"; sourceTree = "<group>"; };
		F15E794F20A5C51600B42672 /* CoreData.framework */ = {isa = PBXFileReference; lastKnownFileType = wrapper.framework; name = CoreData.framework; path = System/Library/Frameworks/CoreData.framework; sourceTree = SDKROOT; };
		F15E795120A5C6EB00B42672 /* DateBaseHelper.swift */ = {isa = PBXFileReference; lastKnownFileType = sourcecode.swift; path = DateBaseHelper.swift; sourceTree = "<group>"; };
		F15E795320A5D78F00B42672 /* secondVCr.swift */ = {isa = PBXFileReference; lastKnownFileType = sourcecode.swift; path = secondVCr.swift; sourceTree = "<group>"; };
		F15E795520A5D88B00B42672 /* mytablecell.swift */ = {isa = PBXFileReference; lastKnownFileType = sourcecode.swift; path = mytablecell.swift; sourceTree = "<group>"; };
/* End PBXFileReference section */

/* Begin PBXFrameworksBuildPhase section */
		F15E791320A5C34500B42672 /* Frameworks */ = {
			isa = PBXFrameworksBuildPhase;
			buildActionMask = 2147483647;
			files = (
				F15E795020A5C51700B42672 /* CoreData.framework in Frameworks */,
			);
			runOnlyForDeploymentPostprocessing = 0;
		};
		F15E792A20A5C34500B42672 /* Frameworks */ = {
			isa = PBXFrameworksBuildPhase;
			buildActionMask = 2147483647;
			files = (
			);
			runOnlyForDeploymentPostprocessing = 0;
		};
		F15E793520A5C34500B42672 /* Frameworks */ = {
			isa = PBXFrameworksBuildPhase;
			buildActionMask = 2147483647;
			files = (
			);
			runOnlyForDeploymentPostprocessing = 0;
		};
/* End PBXFrameworksBuildPhase section */

/* Begin PBXGroup section */
		F15E790D20A5C34500B42672 = {
			isa = PBXGroup;
			children = (
				F15E791820A5C34500B42672 /* CoreDataAllOperationwithPROTOCOL&DELEGATEPassingdata */,
				F15E793020A5C34500B42672 /* CoreDataAllOperationwithPROTOCOL&DELEGATEPassingdataTests */,
				F15E793B20A5C34500B42672 /* CoreDataAllOperationwithPROTOCOL&DELEGATEPassingdataUITests */,
				F15E791720A5C34500B42672 /* Products */,
				F15E794E20A5C51600B42672 /* Frameworks */,
			);
			sourceTree = "<group>";
		};
		F15E791720A5C34500B42672 /* Products */ = {
			isa = PBXGroup;
			children = (
				F15E791620A5C34500B42672 /* CoreDataAllOperationwithPROTOCOL&DELEGATEPassingdata.app */,
				F15E792D20A5C34500B42672 /* CoreDataAllOperationwithPROTOCOL&DELEGATEPassingdataTests.xctest */,
				F15E793820A5C34500B42672 /* CoreDataAllOperationwithPROTOCOL&DELEGATEPassingdataUITests.xctest */,
			);
			name = Products;
			sourceTree = "<group>";
		};
		F15E791820A5C34500B42672 /* CoreDataAllOperationwithPROTOCOL&DELEGATEPassingdata */ = {
			isa = PBXGroup;
			children = (
				F15E791920A5C34500B42672 /* AppDelegate.swift */,
				F15E791B20A5C34500B42672 /* ViewController.swift */,
				F15E795320A5D78F00B42672 /* secondVCr.swift */,
				F15E795520A5D88B00B42672 /* mytablecell.swift */,
				F15E795120A5C6EB00B42672 /* DateBaseHelper.swift */,
				F15E794A20A5C4B200B42672 /* Student+CoreDataClass.swift */,
				F15E794B20A5C4B200B42672 /* Student+CoreDataProperties.swift */,
				F15E791D20A5C34500B42672 /* Main.storyboard */,
				F15E792320A5C34500B42672 /* Assets.xcassets */,
				F15E792520A5C34500B42672 /* LaunchScreen.storyboard */,
				F15E792820A5C34500B42672 /* Info.plist */,
				F15E792020A5C34500B42672 /* CoreDataAllOperationwithPROTOCOL_DELEGATEPassingdata.xcdatamodeld */,
			);
			path = "CoreDataAllOperationwithPROTOCOL&DELEGATEPassingdata";
			sourceTree = "<group>";
		};
		F15E793020A5C34500B42672 /* CoreDataAllOperationwithPROTOCOL&DELEGATEPassingdataTests */ = {
			isa = PBXGroup;
			children = (
				F15E793120A5C34500B42672 /* CoreDataAllOperationwithPROTOCOL_DELEGATEPassingdataTests.swift */,
				F15E793320A5C34500B42672 /* Info.plist */,
			);
			path = "CoreDataAllOperationwithPROTOCOL&DELEGATEPassingdataTests";
			sourceTree = "<group>";
		};
		F15E793B20A5C34500B42672 /* CoreDataAllOperationwithPROTOCOL&DELEGATEPassingdataUITests */ = {
			isa = PBXGroup;
			children = (
				F15E793C20A5C34500B42672 /* CoreDataAllOperationwithPROTOCOL_DELEGATEPassingdataUITests.swift */,
				F15E793E20A5C34500B42672 /* Info.plist */,
			);
			path = "CoreDataAllOperationwithPROTOCOL&DELEGATEPassingdataUITests";
			sourceTree = "<group>";
		};
		F15E794E20A5C51600B42672 /* Frameworks */ = {
			isa = PBXGroup;
			children = (
				F15E794F20A5C51600B42672 /* CoreData.framework */,
			);
			name = Frameworks;
			sourceTree = "<group>";
		};
/* End PBXGroup section */

/* Begin PBXNativeTarget section */
		F15E791520A5C34500B42672 /* CoreDataAllOperationwithPROTOCOL&DELEGATEPassingdata */ = {
			isa = PBXNativeTarget;
			buildConfigurationList = F15E794120A5C34600B42672 /* Build configuration list for PBXNativeTarget "CoreDataAllOperationwithPROTOCOL&DELEGATEPassingdata" */;
			buildPhases = (
				F15E791220A5C34500B42672 /* Sources */,
				F15E791320A5C34500B42672 /* Frameworks */,
				F15E791420A5C34500B42672 /* Resources */,
			);
			buildRules = (
			);
			dependencies = (
			);
			name = "CoreDataAllOperationwithPROTOCOL&DELEGATEPassingdata";
			productName = "CoreDataAllOperationwithPROTOCOL&DELEGATEPassingdata";
			productReference = F15E791620A5C34500B42672 /* CoreDataAllOperationwithPROTOCOL&DELEGATEPassingdata.app */;
			productType = "com.apple.product-type.application";
		};
		F15E792C20A5C34500B42672 /* CoreDataAllOperationwithPROTOCOL&DELEGATEPassingdataTests */ = {
			isa = PBXNativeTarget;
			buildConfigurationList = F15E794420A5C34600B42672 /* Build configuration list for PBXNativeTarget "CoreDataAllOperationwithPROTOCOL&DELEGATEPassingdataTests" */;
			buildPhases = (
				F15E792920A5C34500B42672 /* Sources */,
				F15E792A20A5C34500B42672 /* Frameworks */,
				F15E792B20A5C34500B42672 /* Resources */,
			);
			buildRules = (
			);
			dependencies = (
				F15E792F20A5C34500B42672 /* PBXTargetDependency */,
			);
			name = "CoreDataAllOperationwithPROTOCOL&DELEGATEPassingdataTests";
			productName = "CoreDataAllOperationwithPROTOCOL&DELEGATEPassingdataTests";
			productReference = F15E792D20A5C34500B42672 /* CoreDataAllOperationwithPROTOCOL&DELEGATEPassingdataTests.xctest */;
			productType = "com.apple.product-type.bundle.unit-test";
		};
		F15E793720A5C34500B42672 /* CoreDataAllOperationwithPROTOCOL&DELEGATEPassingdataUITests */ = {
			isa = PBXNativeTarget;
			buildConfigurationList = F15E794720A5C34600B42672 /* Build configuration list for PBXNativeTarget "CoreDataAllOperationwithPROTOCOL&DELEGATEPassingdataUITests" */;
			buildPhases = (
				F15E793420A5C34500B42672 /* Sources */,
				F15E793520A5C34500B42672 /* Frameworks */,
				F15E793620A5C34500B42672 /* Resources */,
			);
			buildRules = (
			);
			dependencies = (
				F15E793A20A5C34500B42672 /* PBXTargetDependency */,
			);
			name = "CoreDataAllOperationwithPROTOCOL&DELEGATEPassingdataUITests";
			productName = "CoreDataAllOperationwithPROTOCOL&DELEGATEPassingdataUITests";
			productReference = F15E793820A5C34500B42672 /* CoreDataAllOperationwithPROTOCOL&DELEGATEPassingdataUITests.xctest */;
			productType = "com.apple.product-type.bundle.ui-testing";
		};
/* End PBXNativeTarget section */

/* Begin PBXProject section */
		F15E790E20A5C34500B42672 /* Project object */ = {
			isa = PBXProject;
			attributes = {
				LastSwiftUpdateCheck = 0920;
				LastUpgradeCheck = 0920;
				ORGANIZATIONNAME = infostretch;
				TargetAttributes = {
					F15E791520A5C34500B42672 = {
						CreatedOnToolsVersion = 9.2;
						ProvisioningStyle = Automatic;
					};
					F15E792C20A5C34500B42672 = {
						CreatedOnToolsVersion = 9.2;
						ProvisioningStyle = Automatic;
						TestTargetID = F15E791520A5C34500B42672;
					};
					F15E793720A5C34500B42672 = {
						CreatedOnToolsVersion = 9.2;
						ProvisioningStyle = Automatic;
						TestTargetID = F15E791520A5C34500B42672;
					};
				};
			};
			buildConfigurationList = F15E791120A5C34500B42672 /* Build configuration list for PBXProject "CoreDataAllOperationwithPROTOCOL&DELEGATEPassingdata" */;
			compatibilityVersion = "Xcode 8.0";
			developmentRegion = en;
			hasScannedForEncodings = 0;
			knownRegions = (
				en,
				Base,
			);
			mainGroup = F15E790D20A5C34500B42672;
			productRefGroup = F15E791720A5C34500B42672 /* Products */;
			projectDirPath = "";
			projectRoot = "";
			targets = (
				F15E791520A5C34500B42672 /* CoreDataAllOperationwithPROTOCOL&DELEGATEPassingdata */,
				F15E792C20A5C34500B42672 /* CoreDataAllOperationwithPROTOCOL&DELEGATEPassingdataTests */,
				F15E793720A5C34500B42672 /* CoreDataAllOperationwithPROTOCOL&DELEGATEPassingdataUITests */,
			);
		};
/* End PBXProject section */

/* Begin PBXResourcesBuildPhase section */
		F15E791420A5C34500B42672 /* Resources */ = {
			isa = PBXResourcesBuildPhase;
			buildActionMask = 2147483647;
			files = (
				F15E792720A5C34500B42672 /* LaunchScreen.storyboard in Resources */,
				F15E792420A5C34500B42672 /* Assets.xcassets in Resources */,
				F15E791F20A5C34500B42672 /* Main.storyboard in Resources */,
			);
			runOnlyForDeploymentPostprocessing = 0;
		};
		F15E792B20A5C34500B42672 /* Resources */ = {
			isa = PBXResourcesBuildPhase;
			buildActionMask = 2147483647;
			files = (
			);
			runOnlyForDeploymentPostprocessing = 0;
		};
		F15E793620A5C34500B42672 /* Resources */ = {
			isa = PBXResourcesBuildPhase;
			buildActionMask = 2147483647;
			files = (
			);
			runOnlyForDeploymentPostprocessing = 0;
		};
/* End PBXResourcesBuildPhase section */

/* Begin PBXSourcesBuildPhase section */
		F15E791220A5C34500B42672 /* Sources */ = {
			isa = PBXSourcesBuildPhase;
			buildActionMask = 2147483647;
			files = (
				F15E792220A5C34500B42672 /* CoreDataAllOperationwithPROTOCOL_DELEGATEPassingdata.xcdatamodeld in Sources */,
				F15E794C20A5C4B200B42672 /* Student+CoreDataClass.swift in Sources */,
				F15E795620A5D88B00B42672 /* mytablecell.swift in Sources */,
				F15E791C20A5C34500B42672 /* ViewController.swift in Sources */,
				F15E791A20A5C34500B42672 /* AppDelegate.swift in Sources */,
				F15E795220A5C6EB00B42672 /* DateBaseHelper.swift in Sources */,
				F15E794D20A5C4B200B42672 /* Student+CoreDataProperties.swift in Sources */,
				F15E795420A5D78F00B42672 /* secondVCr.swift in Sources */,
			);
			runOnlyForDeploymentPostprocessing = 0;
		};
		F15E792920A5C34500B42672 /* Sources */ = {
			isa = PBXSourcesBuildPhase;
			buildActionMask = 2147483647;
			files = (
				F15E793220A5C34500B42672 /* CoreDataAllOperationwithPROTOCOL_DELEGATEPassingdataTests.swift in Sources */,
			);
			runOnlyForDeploymentPostprocessing = 0;
		};
		F15E793420A5C34500B42672 /* Sources */ = {
			isa = PBXSourcesBuildPhase;
			buildActionMask = 2147483647;
			files = (
				F15E793D20A5C34500B42672 /* CoreDataAllOperationwithPROTOCOL_DELEGATEPassingdataUITests.swift in Sources */,
			);
			runOnlyForDeploymentPostprocessing = 0;
		};
/* End PBXSourcesBuildPhase section */

/* Begin PBXTargetDependency section */
		F15E792F20A5C34500B42672 /* PBXTargetDependency */ = {
			isa = PBXTargetDependency;
			target = F15E791520A5C34500B42672 /* CoreDataAllOperationwithPROTOCOL&DELEGATEPassingdata */;
			targetProxy = F15E792E20A5C34500B42672 /* PBXContainerItemProxy */;
		};
		F15E793A20A5C34500B42672 /* PBXTargetDependency */ = {
			isa = PBXTargetDependency;
			target = F15E791520A5C34500B42672 /* CoreDataAllOperationwithPROTOCOL&DELEGATEPassingdata */;
			targetProxy = F15E793920A5C34500B42672 /* PBXContainerItemProxy */;
		};
/* End PBXTargetDependency section */

/* Begin PBXVariantGroup section */
		F15E791D20A5C34500B42672 /* Main.storyboard */ = {
			isa = PBXVariantGroup;
			children = (
				F15E791E20A5C34500B42672 /* Base */,
			);
			name = Main.storyboard;
			sourceTree = "<group>";
		};
		F15E792520A5C34500B42672 /* LaunchScreen.storyboard */ = {
			isa = PBXVariantGroup;
			children = (
				F15E792620A5C34500B42672 /* Base */,
			);
			name = LaunchScreen.storyboard;
			sourceTree = "<group>";
		};
/* End PBXVariantGroup section */

/* Begin XCBuildConfiguration section */
		F15E793F20A5C34600B42672 /* Debug */ = {
			isa = XCBuildConfiguration;
			buildSettings = {
				ALWAYS_SEARCH_USER_PATHS = NO;
				CLANG_ANALYZER_NONNULL = YES;
				CLANG_ANALYZER_NUMBER_OBJECT_CONVERSION = YES_AGGRESSIVE;
				CLANG_CXX_LANGUAGE_STANDARD = "gnu++14";
				CLANG_CXX_LIBRARY = "libc++";
				CLANG_ENABLE_MODULES = YES;
				CLANG_ENABLE_OBJC_ARC = YES;
				CLANG_WARN_BLOCK_CAPTURE_AUTORELEASING = YES;
				CLANG_WARN_BOOL_CONVERSION = YES;
				CLANG_WARN_COMMA = YES;
				CLANG_WARN_CONSTANT_CONVERSION = YES;
				CLANG_WARN_DIRECT_OBJC_ISA_USAGE = YES_ERROR;
				CLANG_WARN_DOCUMENTATION_COMMENTS = YES;
				CLANG_WARN_EMPTY_BODY = YES;
				CLANG_WARN_ENUM_CONVERSION = YES;
				CLANG_WARN_INFINITE_RECURSION = YES;
				CLANG_WARN_INT_CONVERSION = YES;
				CLANG_WARN_NON_LITERAL_NULL_CONVERSION = YES;
				CLANG_WARN_OBJC_LITERAL_CONVERSION = YES;
				CLANG_WARN_OBJC_ROOT_CLASS = YES_ERROR;
				CLANG_WARN_RANGE_LOOP_ANALYSIS = YES;
				CLANG_WARN_STRICT_PROTOTYPES = YES;
				CLANG_WARN_SUSPICIOUS_MOVE = YES;
				CLANG_WARN_UNGUARDED_AVAILABILITY = YES_AGGRESSIVE;
				CLANG_WARN_UNREACHABLE_CODE = YES;
				CLANG_WARN__DUPLICATE_METHOD_MATCH = YES;
				CODE_SIGN_IDENTITY = "iPhone Developer";
				COPY_PHASE_STRIP = NO;
				DEBUG_INFORMATION_FORMAT = dwarf;
				ENABLE_STRICT_OBJC_MSGSEND = YES;
				ENABLE_TESTABILITY = YES;
				GCC_C_LANGUAGE_STANDARD = gnu11;
				GCC_DYNAMIC_NO_PIC = NO;
				GCC_NO_COMMON_BLOCKS = YES;
				GCC_OPTIMIZATION_LEVEL = 0;
				GCC_PREPROCESSOR_DEFINITIONS = (
					"DEBUG=1",
					"$(inherited)",
				);
				GCC_WARN_64_TO_32_BIT_CONVERSION = YES;
				GCC_WARN_ABOUT_RETURN_TYPE = YES_ERROR;
				GCC_WARN_UNDECLARED_SELECTOR = YES;
				GCC_WARN_UNINITIALIZED_AUTOS = YES_AGGRESSIVE;
				GCC_WARN_UNUSED_FUNCTION = YES;
				GCC_WARN_UNUSED_VARIABLE = YES;
				IPHONEOS_DEPLOYMENT_TARGET = 11.2;
				MTL_ENABLE_DEBUG_INFO = YES;
				ONLY_ACTIVE_ARCH = YES;
				SDKROOT = iphoneos;
				SWIFT_ACTIVE_COMPILATION_CONDITIONS = DEBUG;
				SWIFT_OPTIMIZATION_LEVEL = "-Onone";
			};
			name = Debug;
		};
		F15E794020A5C34600B42672 /* Release */ = {
			isa = XCBuildConfiguration;
			buildSettings = {
				ALWAYS_SEARCH_USER_PATHS = NO;
				CLANG_ANALYZER_NONNULL = YES;
				CLANG_ANALYZER_NUMBER_OBJECT_CONVERSION = YES_AGGRESSIVE;
				CLANG_CXX_LANGUAGE_STANDARD = "gnu++14";
				CLANG_CXX_LIBRARY = "libc++";
				CLANG_ENABLE_MODULES = YES;
				CLANG_ENABLE_OBJC_ARC = YES;
				CLANG_WARN_BLOCK_CAPTURE_AUTORELEASING = YES;
				CLANG_WARN_BOOL_CONVERSION = YES;
				CLANG_WARN_COMMA = YES;
				CLANG_WARN_CONSTANT_CONVERSION = YES;
				CLANG_WARN_DIRECT_OBJC_ISA_USAGE = YES_ERROR;
				CLANG_WARN_DOCUMENTATION_COMMENTS = YES;
				CLANG_WARN_EMPTY_BODY = YES;
				CLANG_WARN_ENUM_CONVERSION = YES;
				CLANG_WARN_INFINITE_RECURSION = YES;
				CLANG_WARN_INT_CONVERSION = YES;
				CLANG_WARN_NON_LITERAL_NULL_CONVERSION = YES;
				CLANG_WARN_OBJC_LITERAL_CONVERSION = YES;
				CLANG_WARN_OBJC_ROOT_CLASS = YES_ERROR;
				CLANG_WARN_RANGE_LOOP_ANALYSIS = YES;
				CLANG_WARN_STRICT_PROTOTYPES = YES;
				CLANG_WARN_SUSPICIOUS_MOVE = YES;
				CLANG_WARN_UNGUARDED_AVAILABILITY = YES_AGGRESSIVE;
				CLANG_WARN_UNREACHABLE_CODE = YES;
				CLANG_WARN__DUPLICATE_METHOD_MATCH = YES;
				CODE_SIGN_IDENTITY = "iPhone Developer";
				COPY_PHASE_STRIP = NO;
				DEBUG_INFORMATION_FORMAT = "dwarf-with-dsym";
				ENABLE_NS_ASSERTIONS = NO;
				ENABLE_STRICT_OBJC_MSGSEND = YES;
				GCC_C_LANGUAGE_STANDARD = gnu11;
				GCC_NO_COMMON_BLOCKS = YES;
				GCC_WARN_64_TO_32_BIT_CONVERSION = YES;
				GCC_WARN_ABOUT_RETURN_TYPE = YES_ERROR;
				GCC_WARN_UNDECLARED_SELECTOR = YES;
				GCC_WARN_UNINITIALIZED_AUTOS = YES_AGGRESSIVE;
				GCC_WARN_UNUSED_FUNCTION = YES;
				GCC_WARN_UNUSED_VARIABLE = YES;
				IPHONEOS_DEPLOYMENT_TARGET = 11.2;
				MTL_ENABLE_DEBUG_INFO = NO;
				SDKROOT = iphoneos;
				SWIFT_OPTIMIZATION_LEVEL = "-Owholemodule";
				VALIDATE_PRODUCT = YES;
			};
			name = Release;
		};
		F15E794220A5C34600B42672 /* Debug */ = {
			isa = XCBuildConfiguration;
			buildSettings = {
				ASSETCATALOG_COMPILER_APPICON_NAME = AppIcon;
				CODE_SIGN_STYLE = Automatic;
				INFOPLIST_FILE = "CoreDataAllOperationwithPROTOCOL&DELEGATEPassingdata/Info.plist";
				LD_RUNPATH_SEARCH_PATHS = "$(inherited) @executable_path/Frameworks";
				PRODUCT_BUNDLE_IDENTIFIER = "Com.infostretch.CoreDataAllOperationwithPROTOCOL-DELEGATEPassingdata";
				PRODUCT_NAME = "$(TARGET_NAME)";
				SWIFT_VERSION = 4.0;
				TARGETED_DEVICE_FAMILY = "1,2";
			};
			name = Debug;
		};
		F15E794320A5C34600B42672 /* Release */ = {
			isa = XCBuildConfiguration;
			buildSettings = {
				ASSETCATALOG_COMPILER_APPICON_NAME = AppIcon;
				CODE_SIGN_STYLE = Automatic;
				INFOPLIST_FILE = "CoreDataAllOperationwithPROTOCOL&DELEGATEPassingdata/Info.plist";
				LD_RUNPATH_SEARCH_PATHS = "$(inherited) @executable_path/Frameworks";
				PRODUCT_BUNDLE_IDENTIFIER = "Com.infostretch.CoreDataAllOperationwithPROTOCOL-DELEGATEPassingdata";
				PRODUCT_NAME = "$(TARGET_NAME)";
				SWIFT_VERSION = 4.0;
				TARGETED_DEVICE_FAMILY = "1,2";
			};
			name = Release;
		};
		F15E794520A5C34600B42672 /* Debug */ = {
			isa = XCBuildConfiguration;
			buildSettings = {
				ALWAYS_EMBED_SWIFT_STANDARD_LIBRARIES = YES;
				BUNDLE_LOADER = "$(TEST_HOST)";
				CODE_SIGN_STYLE = Automatic;
				INFOPLIST_FILE = "CoreDataAllOperationwithPROTOCOL&DELEGATEPassingdataTests/Info.plist";
				LD_RUNPATH_SEARCH_PATHS = "$(inherited) @executable_path/Frameworks @loader_path/Frameworks";
				PRODUCT_BUNDLE_IDENTIFIER = "Com.infostretch.CoreDataAllOperationwithPROTOCOL-DELEGATEPassingdataTests";
				PRODUCT_NAME = "$(TARGET_NAME)";
				SWIFT_VERSION = 4.0;
				TARGETED_DEVICE_FAMILY = "1,2";
				TEST_HOST = "$(BUILT_PRODUCTS_DIR)/CoreDataAllOperationwithPROTOCOL&DELEGATEPassingdata.app/CoreDataAllOperationwithPROTOCOL&DELEGATEPassingdata";
			};
			name = Debug;
		};
		F15E794620A5C34600B42672 /* Release */ = {
			isa = XCBuildConfiguration;
			buildSettings = {
				ALWAYS_EMBED_SWIFT_STANDARD_LIBRARIES = YES;
				BUNDLE_LOADER = "$(TEST_HOST)";
				CODE_SIGN_STYLE = Automatic;
				INFOPLIST_FILE = "CoreDataAllOperationwithPROTOCOL&DELEGATEPassingdataTests/Info.plist";
				LD_RUNPATH_SEARCH_PATHS = "$(inherited) @executable_path/Frameworks @loader_path/Frameworks";
				PRODUCT_BUNDLE_IDENTIFIER = "Com.infostretch.CoreDataAllOperationwithPROTOCOL-DELEGATEPassingdataTests";
				PRODUCT_NAME = "$(TARGET_NAME)";
				SWIFT_VERSION = 4.0;
				TARGETED_DEVICE_FAMILY = "1,2";
				TEST_HOST = "$(BUILT_PRODUCTS_DIR)/CoreDataAllOperationwithPROTOCOL&DELEGATEPassingdata.app/CoreDataAllOperationwithPROTOCOL&DELEGATEPassingdata";
			};
			name = Release;
		};
		F15E794820A5C34600B42672 /* Debug */ = {
			isa = XCBuildConfiguration;
			buildSettings = {
				ALWAYS_EMBED_SWIFT_STANDARD_LIBRARIES = YES;
				CODE_SIGN_STYLE = Automatic;
				INFOPLIST_FILE = "CoreDataAllOperationwithPROTOCOL&DELEGATEPassingdataUITests/Info.plist";
				LD_RUNPATH_SEARCH_PATHS = "$(inherited) @executable_path/Frameworks @loader_path/Frameworks";
				PRODUCT_BUNDLE_IDENTIFIER = "Com.infostretch.CoreDataAllOperationwithPROTOCOL-DELEGATEPassingdataUITests";
				PRODUCT_NAME = "$(TARGET_NAME)";
				SWIFT_VERSION = 4.0;
				TARGETED_DEVICE_FAMILY = "1,2";
				TEST_TARGET_NAME = "CoreDataAllOperationwithPROTOCOL&DELEGATEPassingdata";
			};
			name = Debug;
		};
		F15E794920A5C34600B42672 /* Release */ = {
			isa = XCBuildConfiguration;
			buildSettings = {
				ALWAYS_EMBED_SWIFT_STANDARD_LIBRARIES = YES;
				CODE_SIGN_STYLE = Automatic;
				INFOPLIST_FILE = "CoreDataAllOperationwithPROTOCOL&DELEGATEPassingdataUITests/Info.plist";
				LD_RUNPATH_SEARCH_PATHS = "$(inherited) @executable_path/Frameworks @loader_path/Frameworks";
				PRODUCT_BUNDLE_IDENTIFIER = "Com.infostretch.CoreDataAllOperationwithPROTOCOL-DELEGATEPassingdataUITests";
				PRODUCT_NAME = "$(TARGET_NAME)";
				SWIFT_VERSION = 4.0;
				TARGETED_DEVICE_FAMILY = "1,2";
				TEST_TARGET_NAME = "CoreDataAllOperationwithPROTOCOL&DELEGATEPassingdata";
			};
			name = Release;
		};
/* End XCBuildConfiguration section */

/* Begin XCConfigurationList section */
		F15E791120A5C34500B42672 /* Build configuration list for PBXProject "CoreDataAllOperationwithPROTOCOL&DELEGATEPassingdata" */ = {
			isa = XCConfigurationList;
			buildConfigurations = (
				F15E793F20A5C34600B42672 /* Debug */,
				F15E794020A5C34600B42672 /* Release */,
			);
			defaultConfigurationIsVisible = 0;
			defaultConfigurationName = Release;
		};
		F15E794120A5C34600B42672 /* Build configuration list for PBXNativeTarget "CoreDataAllOperationwithPROTOCOL&DELEGATEPassingdata" */ = {
			isa = XCConfigurationList;
			buildConfigurations = (
				F15E794220A5C34600B42672 /* Debug */,
				F15E794320A5C34600B42672 /* Release */,
			);
			defaultConfigurationIsVisible = 0;
			defaultConfigurationName = Release;
		};
		F15E794420A5C34600B42672 /* Build configuration list for PBXNativeTarget "CoreDataAllOperationwithPROTOCOL&DELEGATEPassingdataTests" */ = {
			isa = XCConfigurationList;
			buildConfigurations = (
				F15E794520A5C34600B42672 /* Debug */,
				F15E794620A5C34600B42672 /* Release */,
			);
			defaultConfigurationIsVisible = 0;
			defaultConfigurationName = Release;
		};
		F15E794720A5C34600B42672 /* Build configuration list for PBXNativeTarget "CoreDataAllOperationwithPROTOCOL&DELEGATEPassingdataUITests" */ = {
			isa = XCConfigurationList;
			buildConfigurations = (
				F15E794820A5C34600B42672 /* Debug */,
				F15E794920A5C34600B42672 /* Release */,
			);
			defaultConfigurationIsVisible = 0;
			defaultConfigurationName = Release;
		};
/* End XCConfigurationList section */

/* Begin XCVersionGroup section */
		F15E792020A5C34500B42672 /* CoreDataAllOperationwithPROTOCOL_DELEGATEPassingdata.xcdatamodeld */ = {
			isa = XCVersionGroup;
			children = (
				F15E792120A5C34500B42672 /* CoreDataAllOperationwithPROTOCOL_DELEGATEPassingdata.xcdatamodel */,
			);
			currentVersion = F15E792120A5C34500B42672 /* CoreDataAllOperationwithPROTOCOL_DELEGATEPassingdata.xcdatamodel */;
			path = CoreDataAllOperationwithPROTOCOL_DELEGATEPassingdata.xcdatamodeld;
			sourceTree = "<group>";
			versionGroupType = wrapper.xcdatamodel;
		};
/* End XCVersionGroup section */
	};
	rootObject = F15E790E20A5C34500B42672 /* Project object */;
}
